
Microsoft Visual Studio Solution File, Format Version 12.00
# Visual Studio Version 17
VisualStudioVersion = 17.10.35027.167
MinimumVisualStudioVersion = 10.0.40219.1
Project("{FAE04EC0-301F-11D3-BF4B-00C04F79EFBC}") = "SistemaMatriculas", "SistemaMatriculas.csproj", "{B383AC18-9C22-46A1-8415-410112BDB411}"
EndProject
Global
	GlobalSection(SolutionConfigurationPlatforms) = preSolution
		Debug|Any CPU = Debug|Any CPU
		Release|Any CPU = Release|Any CPU
	EndGlobalSection
	GlobalSection(ProjectConfigurationPlatforms) = postSolution
		{B383AC18-9C22-46A1-8415-410112BDB411}.Debug|Any CPU.ActiveCfg = Debug|Any CPU
		{B383AC18-9C22-46A1-8415-410112BDB411}.Debug|Any CPU.Build.0 = Debug|Any CPU
		{B383AC18-9C22-46A1-8415-410112BDB411}.Release|Any CPU.ActiveCfg = Release|Any CPU
		{B383AC18-9C22-46A1-8415-410112BDB411}.Release|Any CPU.Build.0 = Release|Any CPU
	EndGlobalSection
	GlobalSection(SolutionProperties) = preSolution
		HideSolutionNode = FALSE
	EndGlobalSection
	GlobalSection(ExtensibilityGlobals) = postSolution
		SolutionGuid = {DDF8A9E6-C3B7-4DE2-879D-871C015D93F2}
	EndGlobalSection
EndGlobal
